
Microsoft Visual Studio Solution File, Format Version 12.00
# Visual Studio 15
Project("{FAE04EC0-301F-11D3-BF4B-00C04F79EFBC}") = "Training", "Training\Training.csproj", "{231E26F1-D7C6-4A5A-A694-34908706DB49}"
EndProject
Global
	GlobalSection(SolutionConfigurationPlatforms) = preSolution
		Debug|iPhoneSimulator = Debug|iPhoneSimulator
		Release|iPhoneSimulator = Release|iPhoneSimulator
		Debug|iPhone = Debug|iPhone
		Release|iPhone = Release|iPhone
	EndGlobalSection
	GlobalSection(ProjectConfigurationPlatforms) = postSolution
		{231E26F1-D7C6-4A5A-A694-34908706DB49}.Debug|iPhoneSimulator.ActiveCfg = Debug|iPhoneSimulator
		{231E26F1-D7C6-4A5A-A694-34908706DB49}.Debug|iPhoneSimulator.Build.0 = Debug|iPhoneSimulator
		{231E26F1-D7C6-4A5A-A694-34908706DB49}.Release|iPhoneSimulator.ActiveCfg = Release|iPhoneSimulator
		{231E26F1-D7C6-4A5A-A694-34908706DB49}.Release|iPhoneSimulator.Build.0 = Release|iPhoneSimulator
		{231E26F1-D7C6-4A5A-A694-34908706DB49}.Debug|iPhone.ActiveCfg = Debug|iPhone
		{231E26F1-D7C6-4A5A-A694-34908706DB49}.Debug|iPhone.Build.0 = Debug|iPhone
		{231E26F1-D7C6-4A5A-A694-34908706DB49}.Release|iPhone.ActiveCfg = Release|iPhone
		{231E26F1-D7C6-4A5A-A694-34908706DB49}.Release|iPhone.Build.0 = Release|iPhone
	EndGlobalSection
EndGlobal
